dependencies:
  '@ctx-core/dom': 7.1.47
  highlight.js: 10.5.0
  svelte: 3.31.2
lockfileVersion: 5.2
packages:
  /@ctx-core/array/19.2.2:
    dependencies:
      '@ctx-core/combinators': 5.0.6
      '@ctx-core/function': 16.9.1
      '@ctx-core/object': 16.0.4
      '@ctx-core/set': 8.0.21
    dev: false
    resolution:
      integrity: sha512-5NRke8KceunfrGyfRLVfAOtoxEfQFi+7lfUBavDGuVR7Kn8snMjoi4Lk0fGxWBsyA+pMAJS4wP24xuOQJSPKpA==
  /@ctx-core/combinators/5.0.6:
    dev: false
    resolution:
      integrity: sha512-M0LkASqYhtKodqZ4dLrtABsUgHumfeNLTe6MYek/xQhYOSdWMPhmc7OX5lY8ajCk5p7rfhHr6oQ5QdAezMHfnQ==
  /@ctx-core/data/3.0.50:
    dependencies:
      '@ctx-core/array': 19.2.2
      '@ctx-core/combinators': 5.0.6
      '@ctx-core/function': 16.9.1
    dev: false
    resolution:
      integrity: sha512-Bh5Z4+T0qu3EswCIVgOLVhDk/TETJUGHmfBrJSlcQNEdgHQzDbLeaf6GS+4NlxECCNzcr/8N9k6cOskLMbILqg==
  /@ctx-core/dom/7.1.47:
    dependencies:
      '@ctx-core/data': 3.0.50
      '@ctx-core/function': 16.9.1
      '@ctx-core/html': 7.1.29
      '@ctx-core/object': 16.0.4
      '@ctx-core/store': 23.4.1
    dev: false
    resolution:
      integrity: sha512-UblPkS85fsFagVPtFPsmbW5ym7rzKqX/Q0Z8gdigrTd873t6YjmHBBFEh6Z5FBZS0smtb30J/WbYwsbZgUoJPg==
  /@ctx-core/function/16.9.1:
    dev: false
    resolution:
      integrity: sha512-Pjo51KASNcmVzE+PMq+ol2k9aEM6Z7yosuaUmxMmY15apX8NSiG8bNkJBkoCtYiT41SBIDIuXB8KUD3e3/CCZA==
  /@ctx-core/html/7.1.29:
    dependencies:
      '@ctx-core/object': 16.0.4
    dev: false
    resolution:
      integrity: sha512-JPRZXe26zTrOrERoNkvnSc0wvh50Ph7ro2+UtciZrXp0ABVqVYse7iRdDc0/NJOLPnX+6H/m3nB36dd7KcPYkQ==
  /@ctx-core/object/16.0.4:
    dependencies:
      '@ctx-core/function': 16.9.1
    dev: false
    resolution:
      integrity: sha512-CLAXdN9WwldLxu1+BcLrEf88bBTSAIlmWP+VTFT/XWgqKNHjW8squtaDfYfykLUgC43DcR3jMgf/8A+lHA17HA==
  /@ctx-core/set/8.0.21:
    dependencies:
      '@ctx-core/function': 16.9.1
    dev: false
    resolution:
      integrity: sha512-yP3smtpAHffi25LIcUSHg7ljDQY8ITVtNmQYcxds4h8vkSLk8QFMW9NfpSsjjPAu+c8BDHy5rrxbvmzlc8ooqQ==
  /@ctx-core/store/23.4.1:
    dependencies:
      '@ctx-core/array': 19.2.2
      '@ctx-core/combinators': 5.0.6
      '@ctx-core/function': 16.9.1
      '@ctx-core/object': 16.0.4
      svelte: 3.31.2
    dev: false
    resolution:
      integrity: sha512-47+aoasyhkxnBt4MOt8oh9Y7FpupYsuXWVIKyHFgTpODzcOT2e8FlAc4FLQ581zptX28F+hrVr/BGIp4Z9cOeQ==
  /highlight.js/10.5.0:
    dev: false
    resolution:
      integrity: sha512-xTmvd9HiIHR6L53TMC7TKolEj65zG1XU+Onr8oi86mYa+nLcIbxTTWkpW7CsEwv/vK7u1zb8alZIMLDqqN6KTw==
  /svelte/3.31.2:
    dev: false
    engines:
      node: '>= 8'
    resolution:
      integrity: sha512-TxZGrXzX2ggFH3BIKY5fmbeMdJuZrMIMDYPMX6R9255bueuYIuVaBQSLUeY2oD7W4IdeqRZiAVGCjDw2POKBRA==
specifiers:
  '@ctx-core/dom': ^7.1.47
  highlight.js: ^10.5.0
  svelte: ^3.31.2
